
Microsoft Visual Studio Solution File, Format Version 12.00
# Visual Studio 15
VisualStudioVersion = 15.0.27130.2010
MinimumVisualStudioVersion = 10.0.40219.1
Project("{8BC9CEB8-8B4A-11D0-8D11-00A0C91BC942}") = "TestSTL", "TestSTL.vcxproj", "{F78AC1BE-8D34-4EB4-90B9-14539CF8099D}"
EndProject
Global
	GlobalSection(SolutionConfigurationPlatforms) = preSolution
		Debug|x64 = Debug|x64
		Debug|x86 = Debug|x86
		Release|x64 = Release|x64
		Release|x86 = Release|x86
	EndGlobalSection
	GlobalSection(ProjectConfigurationPlatforms) = postSolution
		{F78AC1BE-8D34-4EB4-90B9-14539CF8099D}.Debug|x64.ActiveCfg = Debug|x64
		{F78AC1BE-8D34-4EB4-90B9-14539CF8099D}.Debug|x64.Build.0 = Debug|x64
		{F78AC1BE-8D34-4EB4-90B9-14539CF8099D}.Debug|x86.ActiveCfg = Debug|Win32
		{F78AC1BE-8D34-4EB4-90B9-14539CF8099D}.Debug|x86.Build.0 = Debug|Win32
		{F78AC1BE-8D34-4EB4-90B9-14539CF8099D}.Release|x64.ActiveCfg = Release|x64
		{F78AC1BE-8D34-4EB4-90B9-14539CF8099D}.Release|x64.Build.0 = Release|x64
		{F78AC1BE-8D34-4EB4-90B9-14539CF8099D}.Release|x86.ActiveCfg = Release|Win32
		{F78AC1BE-8D34-4EB4-90B9-14539CF8099D}.Release|x86.Build.0 = Release|Win32
	EndGlobalSection
	GlobalSection(SolutionProperties) = preSolution
		HideSolutionNode = FALSE
	EndGlobalSection
	GlobalSection(ExtensibilityGlobals) = postSolution
		SolutionGuid = {615709A4-E503-49BE-8BB4-CCCB1BE4FC63}
	EndGlobalSection
EndGlobal
